// !$*UTF8*$!
{
	archiveVersion = 1;
	classes = {
	};
	objectVersion = 50;
	objects = {

/* Begin PBXBuildFile section */
		B18B0B8522716E3500568287 /* AppDelegate.swift in Sources */ = {isa = PBXBuildFile; fileRef = B18B0B8422716E3500568287 /* AppDelegate.swift */; };
		B18B0B8A22716E3500568287 /* Main.storyboard in Resources */ = {isa = PBXBuildFile; fileRef = B18B0B8822716E3500568287 /* Main.storyboard */; };
		B18B0B8C22716E3500568287 /* Assets.xcassets in Resources */ = {isa = PBXBuildFile; fileRef = B18B0B8B22716E3500568287 /* Assets.xcassets */; };
		B18B0B8F22716E3500568287 /* LaunchScreen.storyboard in Resources */ = {isa = PBXBuildFile; fileRef = B18B0B8D22716E3500568287 /* LaunchScreen.storyboard */; };
		B18B0B9C22716EAB00568287 /* ImageDownloadManager.swift in Sources */ = {isa = PBXBuildFile; fileRef = B18B0B9822716EAB00568287 /* ImageDownloadManager.swift */; };
		B18B0B9D22716EAB00568287 /* ImageCell.swift in Sources */ = {isa = PBXBuildFile; fileRef = B18B0B9922716EAB00568287 /* ImageCell.swift */; };
		B18B0BA12271771500568287 /* BrowserViewController.swift in Sources */ = {isa = PBXBuildFile; fileRef = B18B0BA02271771500568287 /* BrowserViewController.swift */; };
		B18B0BA32271778100568287 /* BrowserViewController+DelegateMethods.swift in Sources */ = {isa = PBXBuildFile; fileRef = B18B0BA22271778100568287 /* BrowserViewController+DelegateMethods.swift */; };
		B18B0BA62271787C00568287 /* Placeholder.png in Resources */ = {isa = PBXBuildFile; fileRef = B18B0BA52271787C00568287 /* Placeholder.png */; };
		B18B0BA8227179D200568287 /* ImageViewController.swift in Sources */ = {isa = PBXBuildFile; fileRef = B18B0BA7227179D200568287 /* ImageViewController.swift */; };
		C41D63AADA5BF3E8E320354E /* Pods_FlickerImageBrowser.framework in Frameworks */ = {isa = PBXBuildFile; fileRef = AB6E046F8925FAAEBF0BB01E /* Pods_FlickerImageBrowser.framework */; };
/* End PBXBuildFile section */

/* Begin PBXFileReference section */
		6F0DFC01DF7B80761C5F56A4 /* Pods-FlickerImageBrowser.release.xcconfig */ = {isa = PBXFileReference; includeInIndex = 1; lastKnownFileType = text.xcconfig; name = "Pods-FlickerImageBrowser.release.xcconfig"; path = "Target Support Files/Pods-FlickerImageBrowser/Pods-FlickerImageBrowser.release.xcconfig"; sourceTree = "<group>"; };
		AB6E046F8925FAAEBF0BB01E /* Pods_FlickerImageBrowser.framework */ = {isa = PBXFileReference; explicitFileType = wrapper.framework; includeInIndex = 0; path = Pods_FlickerImageBrowser.framework; sourceTree = BUILT_PRODUCTS_DIR; };
		B18B0B8122716E3500568287 /* FlickerImageBrowser.app */ = {isa = PBXFileReference; explicitFileType = wrapper.application; includeInIndex = 0; path = FlickerImageBrowser.app; sourceTree = BUILT_PRODUCTS_DIR; };
		B18B0B8422716E3500568287 /* AppDelegate.swift */ = {isa = PBXFileReference; lastKnownFileType = sourcecode.swift; path = AppDelegate.swift; sourceTree = "<group>"; };
		B18B0B8922716E3500568287 /* Base */ = {isa = PBXFileReference; lastKnownFileType = file.storyboard; name = Base; path = Base.lproj/Main.storyboard; sourceTree = "<group>"; };
		B18B0B8B22716E3500568287 /* Assets.xcassets */ = {isa = PBXFileReference; lastKnownFileType = folder.assetcatalog; path = Assets.xcassets; sourceTree = "<group>"; };
		B18B0B8E22716E3500568287 /* Base */ = {isa = PBXFileReference; lastKnownFileType = file.storyboard; name = Base; path = Base.lproj/LaunchScreen.storyboard; sourceTree = "<group>"; };
		B18B0B9022716E3500568287 /* Info.plist */ = {isa = PBXFileReference; lastKnownFileType = text.plist.xml; path = Info.plist; sourceTree = "<group>"; };
		B18B0B9822716EAB00568287 /* ImageDownloadManager.swift */ = {isa = PBXFileReference; fileEncoding = 4; lastKnownFileType = sourcecode.swift; path = ImageDownloadManager.swift; sourceTree = "<group>"; };
		B18B0B9922716EAB00568287 /* ImageCell.swift */ = {isa = PBXFileReference; fileEncoding = 4; lastKnownFileType = sourcecode.swift; path = ImageCell.swift; sourceTree = "<group>"; };
		B18B0BA02271771500568287 /* BrowserViewController.swift */ = {isa = PBXFileReference; lastKnownFileType = sourcecode.swift; path = BrowserViewController.swift; sourceTree = "<group>"; };
		B18B0BA22271778100568287 /* BrowserViewController+DelegateMethods.swift */ = {isa = PBXFileReference; lastKnownFileType = sourcecode.swift; path = "BrowserViewController+DelegateMethods.swift"; sourceTree = "<group>"; };
		B18B0BA52271787C00568287 /* Placeholder.png */ = {isa = PBXFileReference; lastKnownFileType = image.png; path = Placeholder.png; sourceTree = "<group>"; };
		B18B0BA7227179D200568287 /* ImageViewController.swift */ = {isa = PBXFileReference; lastKnownFileType = sourcecode.swift; path = ImageViewController.swift; sourceTree = "<group>"; };
		E5EEEA5BE8D4FA2D9F653240 /* Pods-FlickerImageBrowser.debug.xcconfig */ = {isa = PBXFileReference; includeInIndex = 1; lastKnownFileType = text.xcconfig; name = "Pods-FlickerImageBrowser.debug.xcconfig"; path = "Target Support Files/Pods-FlickerImageBrowser/Pods-FlickerImageBrowser.debug.xcconfig"; sourceTree = "<group>"; };
/* End PBXFileReference section */

/* Begin PBXFrameworksBuildPhase section */
		B18B0B7E22716E3500568287 /* Frameworks */ = {
			isa = PBXFrameworksBuildPhase;
			buildActionMask = 2147483647;
			files = (
				C41D63AADA5BF3E8E320354E /* Pods_FlickerImageBrowser.framework in Frameworks */,
			);
			runOnlyForDeploymentPostprocessing = 0;
		};
/* End PBXFrameworksBuildPhase section */

/* Begin PBXGroup section */
		A00F8DFF69A96E4CEAF1E00C /* Frameworks */ = {
			isa = PBXGroup;
			children = (
				AB6E046F8925FAAEBF0BB01E /* Pods_FlickerImageBrowser.framework */,
			);
			name = Frameworks;
			sourceTree = "<group>";
		};
		B18B0B7822716E3500568287 = {
			isa = PBXGroup;
			children = (
				B18B0B8322716E3500568287 /* FlickerImageBrowser */,
				B18B0B8222716E3500568287 /* Products */,
				FBF59FA53C704CF45865EC39 /* Pods */,
				A00F8DFF69A96E4CEAF1E00C /* Frameworks */,
			);
			sourceTree = "<group>";
		};
		B18B0B8222716E3500568287 /* Products */ = {
			isa = PBXGroup;
			children = (
				B18B0B8122716E3500568287 /* FlickerImageBrowser.app */,
			);
			name = Products;
			sourceTree = "<group>";
		};
		B18B0B8322716E3500568287 /* FlickerImageBrowser */ = {
			isa = PBXGroup;
			children = (
				B18B0BA42271787100568287 /* Resources */,
				B18B0B9F227176FE00568287 /* ViewController */,
				B18B0B8422716E3500568287 /* AppDelegate.swift */,
				B18B0B9922716EAB00568287 /* ImageCell.swift */,
				B18B0B9822716EAB00568287 /* ImageDownloadManager.swift */,
				B18B0B8822716E3500568287 /* Main.storyboard */,
				B18B0B8B22716E3500568287 /* Assets.xcassets */,
				B18B0B8D22716E3500568287 /* LaunchScreen.storyboard */,
				B18B0B9022716E3500568287 /* Info.plist */,
			);
			path = FlickerImageBrowser;
			sourceTree = "<group>";
		};
		B18B0B9F227176FE00568287 /* ViewController */ = {
			isa = PBXGroup;
			children = (
				B18B0BA02271771500568287 /* BrowserViewController.swift */,
				B18B0BA22271778100568287 /* BrowserViewController+DelegateMethods.swift */,
				B18B0BA7227179D200568287 /* ImageViewController.swift */,
			);
			path = ViewController;
			sourceTree = "<group>";
		};
		B18B0BA42271787100568287 /* Resources */ = {
			isa = PBXGroup;
			children = (
				B18B0BA52271787C00568287 /* Placeholder.png */,
			);
			path = Resources;
			sourceTree = "<group>";
		};
		FBF59FA53C704CF45865EC39 /* Pods */ = {
			isa = PBXGroup;
			children = (
				E5EEEA5BE8D4FA2D9F653240 /* Pods-FlickerImageBrowser.debug.xcconfig */,
				6F0DFC01DF7B80761C5F56A4 /* Pods-FlickerImageBrowser.release.xcconfig */,
			);
			path = Pods;
			sourceTree = "<group>";
		};
/* End PBXGroup section */

/* Begin PBXNativeTarget section */
		B18B0B8022716E3500568287 /* FlickerImageBrowser */ = {
			isa = PBXNativeTarget;
			buildConfigurationList = B18B0B9322716E3500568287 /* Build configuration list for PBXNativeTarget "FlickerImageBrowser" */;
			buildPhases = (
				75E725DAE06A37F304DE1B88 /* [CP] Check Pods Manifest.lock */,
				B18B0B7D22716E3500568287 /* Sources */,
				B18B0B7E22716E3500568287 /* Frameworks */,
				B18B0B7F22716E3500568287 /* Resources */,
				CDAC07D8463851B9231E73BB /* [CP] Embed Pods Frameworks */,
			);
			buildRules = (
			);
			dependencies = (
			);
			name = FlickerImageBrowser;
			productName = FlickerImageBrowser;
			productReference = B18B0B8122716E3500568287 /* FlickerImageBrowser.app */;
			productType = "com.apple.product-type.application";
		};
/* End PBXNativeTarget section */

/* Begin PBXProject section */
		B18B0B7922716E3500568287 /* Project object */ = {
			isa = PBXProject;
			attributes = {
				LastSwiftUpdateCheck = 1010;
				LastUpgradeCheck = 1010;
				ORGANIZATIONNAME = "Wilson Shakya";
				TargetAttributes = {
					B18B0B8022716E3500568287 = {
						CreatedOnToolsVersion = 10.1;
					};
				};
			};
			buildConfigurationList = B18B0B7C22716E3500568287 /* Build configuration list for PBXProject "FlickerImageBrowser" */;
			compatibilityVersion = "Xcode 9.3";
			developmentRegion = en;
			hasScannedForEncodings = 0;
			knownRegions = (
				en,
				Base,
			);
			mainGroup = B18B0B7822716E3500568287;
			productRefGroup = B18B0B8222716E3500568287 /* Products */;
			projectDirPath = "";
			projectRoot = "";
			targets = (
				B18B0B8022716E3500568287 /* FlickerImageBrowser */,
			);
		};
/* End PBXProject section */

/* Begin PBXResourcesBuildPhase section */
		B18B0B7F22716E3500568287 /* Resources */ = {
			isa = PBXResourcesBuildPhase;
			buildActionMask = 2147483647;
			files = (
				B18B0B8F22716E3500568287 /* LaunchScreen.storyboard in Resources */,
				B18B0BA62271787C00568287 /* Placeholder.png in Resources */,
				B18B0B8C22716E3500568287 /* Assets.xcassets in Resources */,
				B18B0B8A22716E3500568287 /* Main.storyboard in Resources */,
			);
			runOnlyForDeploymentPostprocessing = 0;
		};
/* End PBXResourcesBuildPhase section */

/* Begin PBXShellScriptBuildPhase section */
		75E725DAE06A37F304DE1B88 /* [CP] Check Pods Manifest.lock */ = {
			isa = PBXShellScriptBuildPhase;
			buildActionMask = 2147483647;
			files = (
			);
			inputFileListPaths = (
			);
			inputPaths = (
				"${PODS_PODFILE_DIR_PATH}/Podfile.lock",
				"${PODS_ROOT}/Manifest.lock",
			);
			name = "[CP] Check Pods Manifest.lock";
			outputFileListPaths = (
			);
			outputPaths = (
				"$(DERIVED_FILE_DIR)/Pods-FlickerImageBrowser-checkManifestLockResult.txt",
			);
			runOnlyForDeploymentPostprocessing = 0;
			shellPath = /bin/sh;
			shellScript = "diff \"${PODS_PODFILE_DIR_PATH}/Podfile.lock\" \"${PODS_ROOT}/Manifest.lock\" > /dev/null\nif [ $? != 0 ] ; then\n    # print error to STDERR\n    echo \"error: The sandbox is not in sync with the Podfile.lock. Run 'pod install' or update your CocoaPods installation.\" >&2\n    exit 1\nfi\n# This output is used by Xcode 'outputs' to avoid re-running this script phase.\necho \"SUCCESS\" > \"${SCRIPT_OUTPUT_FILE_0}\"\n";
			showEnvVarsInLog = 0;
		};
		CDAC07D8463851B9231E73BB /* [CP] Embed Pods Frameworks */ = {
			isa = PBXShellScriptBuildPhase;
			buildActionMask = 2147483647;
			files = (
			);
			inputFileListPaths = (
			);
			inputPaths = (
				"${PODS_ROOT}/Target Support Files/Pods-FlickerImageBrowser/Pods-FlickerImageBrowser-frameworks.sh",
				"${BUILT_PRODUCTS_DIR}/Alamofire/Alamofire.framework",
				"${BUILT_PRODUCTS_DIR}/SwiftyJSON/SwiftyJSON.framework",
			);
			name = "[CP] Embed Pods Frameworks";
			outputFileListPaths = (
			);
			outputPaths = (
				"${TARGET_BUILD_DIR}/${FRAMEWORKS_FOLDER_PATH}/Alamofire.framework",
				"${TARGET_BUILD_DIR}/${FRAMEWORKS_FOLDER_PATH}/SwiftyJSON.framework",
			);
			runOnlyForDeploymentPostprocessing = 0;
			shellPath = /bin/sh;
			shellScript = "\"${PODS_ROOT}/Target Support Files/Pods-FlickerImageBrowser/Pods-FlickerImageBrowser-frameworks.sh\"\n";
			showEnvVarsInLog = 0;
		};
/* End PBXShellScriptBuildPhase section */

/* Begin PBXSourcesBuildPhase section */
		B18B0B7D22716E3500568287 /* Sources */ = {
			isa = PBXSourcesBuildPhase;
			buildActionMask = 2147483647;
			files = (
				B18B0B9C22716EAB00568287 /* ImageDownloadManager.swift in Sources */,
				B18B0BA12271771500568287 /* BrowserViewController.swift in Sources */,
				B18B0B9D22716EAB00568287 /* ImageCell.swift in Sources */,
				B18B0BA32271778100568287 /* BrowserViewController+DelegateMethods.swift in Sources */,
				B18B0BA8227179D200568287 /* ImageViewController.swift in Sources */,
				B18B0B8522716E3500568287 /* AppDelegate.swift in Sources */,
			);
			runOnlyForDeploymentPostprocessing = 0;
		};
/* End PBXSourcesBuildPhase section */

/* Begin PBXVariantGroup section */
		B18B0B8822716E3500568287 /* Main.storyboard */ = {
			isa = PBXVariantGroup;
			children = (
				B18B0B8922716E3500568287 /* Base */,
			);
			name = Main.storyboard;
			sourceTree = "<group>";
		};
		B18B0B8D22716E3500568287 /* LaunchScreen.storyboard */ = {
			isa = PBXVariantGroup;
			children = (
				B18B0B8E22716E3500568287 /* Base */,
			);
			name = LaunchScreen.storyboard;
			sourceTree = "<group>";
		};
/* End PBXVariantGroup section */

/* Begin XCBuildConfiguration section */
		B18B0B9122716E3500568287 /* Debug */ = {
			isa = XCBuildConfiguration;
			buildSettings = {
				ALWAYS_SEARCH_USER_PATHS = NO;
				CLANG_ANALYZER_NONNULL = YES;
				CLANG_ANALYZER_NUMBER_OBJECT_CONVERSION = YES_AGGRESSIVE;
				CLANG_CXX_LANGUAGE_STANDARD = "gnu++14";
				CLANG_CXX_LIBRARY = "libc++";
				CLANG_ENABLE_MODULES = YES;
				CLANG_ENABLE_OBJC_ARC = YES;
				CLANG_ENABLE_OBJC_WEAK = YES;
				CLANG_WARN_BLOCK_CAPTURE_AUTORELEASING = YES;
				CLANG_WARN_BOOL_CONVERSION = YES;
				CLANG_WARN_COMMA = YES;
				CLANG_WARN_CONSTANT_CONVERSION = YES;
				CLANG_WARN_DEPRECATED_OBJC_IMPLEMENTATIONS = YES;
				CLANG_WARN_DIRECT_OBJC_ISA_USAGE = YES_ERROR;
				CLANG_WARN_DOCUMENTATION_COMMENTS = YES;
				CLANG_WARN_EMPTY_BODY = YES;
				CLANG_WARN_ENUM_CONVERSION = YES;
				CLANG_WARN_INFINITE_RECURSION = YES;
				CLANG_WARN_INT_CONVERSION = YES;
				CLANG_WARN_NON_LITERAL_NULL_CONVERSION = YES;
				CLANG_WARN_OBJC_IMPLICIT_RETAIN_SELF = YES;
				CLANG_WARN_OBJC_LITERAL_CONVERSION = YES;
				CLANG_WARN_OBJC_ROOT_CLASS = YES_ERROR;
				CLANG_WARN_RANGE_LOOP_ANALYSIS = YES;
				CLANG_WARN_STRICT_PROTOTYPES = YES;
				CLANG_WARN_SUSPICIOUS_MOVE = YES;
				CLANG_WARN_UNGUARDED_AVAILABILITY = YES_AGGRESSIVE;
				CLANG_WARN_UNREACHABLE_CODE = YES;
				CLANG_WARN__DUPLICATE_METHOD_MATCH = YES;
				CODE_SIGN_IDENTITY = "iPhone Developer";
				COPY_PHASE_STRIP = NO;
				DEBUG_INFORMATION_FORMAT = dwarf;
				ENABLE_STRICT_OBJC_MSGSEND = YES;
				ENABLE_TESTABILITY = YES;
				GCC_C_LANGUAGE_STANDARD = gnu11;
				GCC_DYNAMIC_NO_PIC = NO;
				GCC_NO_COMMON_BLOCKS = YES;
				GCC_OPTIMIZATION_LEVEL = 0;
				GCC_PREPROCESSOR_DEFINITIONS = (
					"DEBUG=1",
					"$(inherited)",
				);
				GCC_WARN_64_TO_32_BIT_CONVERSION = YES;
				GCC_WARN_ABOUT_RETURN_TYPE = YES_ERROR;
				GCC_WARN_UNDECLARED_SELECTOR = YES;
				GCC_WARN_UNINITIALIZED_AUTOS = YES_AGGRESSIVE;
				GCC_WARN_UNUSED_FUNCTION = YES;
				GCC_WARN_UNUSED_VARIABLE = YES;
				IPHONEOS_DEPLOYMENT_TARGET = 12.1;
				MTL_ENABLE_DEBUG_INFO = INCLUDE_SOURCE;
				MTL_FAST_MATH = YES;
				ONLY_ACTIVE_ARCH = YES;
				SDKROOT = iphoneos;
				SWIFT_ACTIVE_COMPILATION_CONDITIONS = DEBUG;
				SWIFT_OPTIMIZATION_LEVEL = "-Onone";
			};
			name = Debug;
		};
		B18B0B9222716E3500568287 /* Release */ = {
			isa = XCBuildConfiguration;
			buildSettings = {
				ALWAYS_SEARCH_USER_PATHS = NO;
				CLANG_ANALYZER_NONNULL = YES;
				CLANG_ANALYZER_NUMBER_OBJECT_CONVERSION = YES_AGGRESSIVE;
				CLANG_CXX_LANGUAGE_STANDARD = "gnu++14";
				CLANG_CXX_LIBRARY = "libc++";
				CLANG_ENABLE_MODULES = YES;
				CLANG_ENABLE_OBJC_ARC = YES;
				CLANG_ENABLE_OBJC_WEAK = YES;
				CLANG_WARN_BLOCK_CAPTURE_AUTORELEASING = YES;
				CLANG_WARN_BOOL_CONVERSION = YES;
				CLANG_WARN_COMMA = YES;
				CLANG_WARN_CONSTANT_CONVERSION = YES;
				CLANG_WARN_DEPRECATED_OBJC_IMPLEMENTATIONS = YES;
				CLANG_WARN_DIRECT_OBJC_ISA_USAGE = YES_ERROR;
				CLANG_WARN_DOCUMENTATION_COMMENTS = YES;
				CLANG_WARN_EMPTY_BODY = YES;
				CLANG_WARN_ENUM_CONVERSION = YES;
				CLANG_WARN_INFINITE_RECURSION = YES;
				CLANG_WARN_INT_CONVERSION = YES;
				CLANG_WARN_NON_LITERAL_NULL_CONVERSION = YES;
				CLANG_WARN_OBJC_IMPLICIT_RETAIN_SELF = YES;
				CLANG_WARN_OBJC_LITERAL_CONVERSION = YES;
				CLANG_WARN_OBJC_ROOT_CLASS = YES_ERROR;
				CLANG_WARN_RANGE_LOOP_ANALYSIS = YES;
				CLANG_WARN_STRICT_PROTOTYPES = YES;
				CLANG_WARN_SUSPICIOUS_MOVE = YES;
				CLANG_WARN_UNGUARDED_AVAILABILITY = YES_AGGRESSIVE;
				CLANG_WARN_UNREACHABLE_CODE = YES;
				CLANG_WARN__DUPLICATE_METHOD_MATCH = YES;
				CODE_SIGN_IDENTITY = "iPhone Developer";
				COPY_PHASE_STRIP = NO;
				DEBUG_INFORMATION_FORMAT = "dwarf-with-dsym";
				ENABLE_NS_ASSERTIONS = NO;
				ENABLE_STRICT_OBJC_MSGSEND = YES;
				GCC_C_LANGUAGE_STANDARD = gnu11;
				GCC_NO_COMMON_BLOCKS = YES;
				GCC_WARN_64_TO_32_BIT_CONVERSION = YES;
				GCC_WARN_ABOUT_RETURN_TYPE = YES_ERROR;
				GCC_WARN_UNDECLARED_SELECTOR = YES;
				GCC_WARN_UNINITIALIZED_AUTOS = YES_AGGRESSIVE;
				GCC_WARN_UNUSED_FUNCTION = YES;
				GCC_WARN_UNUSED_VARIABLE = YES;
				IPHONEOS_DEPLOYMENT_TARGET = 12.1;
				MTL_ENABLE_DEBUG_INFO = NO;
				MTL_FAST_MATH = YES;
				SDKROOT = iphoneos;
				SWIFT_COMPILATION_MODE = wholemodule;
				SWIFT_OPTIMIZATION_LEVEL = "-O";
				VALIDATE_PRODUCT = YES;
			};
			name = Release;
		};
		B18B0B9422716E3500568287 /* Debug */ = {
			isa = XCBuildConfiguration;
			baseConfigurationReference = E5EEEA5BE8D4FA2D9F653240 /* Pods-FlickerImageBrowser.debug.xcconfig */;
			buildSettings = {
				ASSETCATALOG_COMPILER_APPICON_NAME = AppIcon;
				CODE_SIGN_STYLE = Automatic;
				DEVELOPMENT_TEAM = VRGWW7P72C;
				INFOPLIST_FILE = FlickerImageBrowser/Info.plist;
				LD_RUNPATH_SEARCH_PATHS = (
					"$(inherited)",
					"@executable_path/Frameworks",
				);
				PRODUCT_BUNDLE_IDENTIFIER = WilsonShakya.FlickerImageBrowser;
				PRODUCT_NAME = "$(TARGET_NAME)";
				SWIFT_VERSION = 4.2;
				TARGETED_DEVICE_FAMILY = "1,2";
			};
			name = Debug;
		};
		B18B0B9522716E3500568287 /* Release */ = {
			isa = XCBuildConfiguration;
			baseConfigurationReference = 6F0DFC01DF7B80761C5F56A4 /* Pods-FlickerImageBrowser.release.xcconfig */;
			buildSettings = {
				ASSETCATALOG_COMPILER_APPICON_NAME = AppIcon;
				CODE_SIGN_STYLE = Automatic;
				DEVELOPMENT_TEAM = VRGWW7P72C;
				INFOPLIST_FILE = FlickerImageBrowser/Info.plist;
				LD_RUNPATH_SEARCH_PATHS = (
					"$(inherited)",
					"@executable_path/Frameworks",
				);
				PRODUCT_BUNDLE_IDENTIFIER = WilsonShakya.FlickerImageBrowser;
				PRODUCT_NAME = "$(TARGET_NAME)";
				SWIFT_VERSION = 4.2;
				TARGETED_DEVICE_FAMILY = "1,2";
			};
			name = Release;
		};
/* End XCBuildConfiguration section */

/* Begin XCConfigurationList section */
		B18B0B7C22716E3500568287 /* Build configuration list for PBXProject "FlickerImageBrowser" */ = {
			isa = XCConfigurationList;
			buildConfigurations = (
				B18B0B9122716E3500568287 /* Debug */,
				B18B0B9222716E3500568287 /* Release */,
			);
			defaultConfigurationIsVisible = 0;
			defaultConfigurationName = Release;
		};
		B18B0B9322716E3500568287 /* Build configuration list for PBXNativeTarget "FlickerImageBrowser" */ = {
			isa = XCConfigurationList;
			buildConfigurations = (
				B18B0B9422716E3500568287 /* Debug */,
				B18B0B9522716E3500568287 /* Release */,
			);
			defaultConfigurationIsVisible = 0;
			defaultConfigurationName = Release;
		};
/* End XCConfigurationList section */
	};
	rootObject = B18B0B7922716E3500568287 /* Project object */;
}
